// !$*UTF8*$!
{
	archiveVersion = 1;
	classes = {
	};
	objectVersion = 56;
	objects = {

/* Begin PBXBuildFile section */
		37C094262A1DE6BE003A1AC7 /* LocalBrandsApp.swift in Sources */ = {isa = PBXBuildFile; fileRef = 37C094252A1DE6BE003A1AC7 /* LocalBrandsApp.swift */; };
		37C094282A1DE6BE003A1AC7 /* ContentView.swift in Sources */ = {isa = PBXBuildFile; fileRef = 37C094272A1DE6BE003A1AC7 /* ContentView.swift */; };
		37C0942A2A1DE6BF003A1AC7 /* Assets.xcassets in Resources */ = {isa = PBXBuildFile; fileRef = 37C094292A1DE6BF003A1AC7 /* Assets.xcassets */; };
		37C0942D2A1DE6BF003A1AC7 /* Preview Assets.xcassets in Resources */ = {isa = PBXBuildFile; fileRef = 37C0942C2A1DE6BF003A1AC7 /* Preview Assets.xcassets */; };
		37D1A2592A2A53DA00E12DC0 /* Post.swift in Sources */ = {isa = PBXBuildFile; fileRef = 37D1A2582A2A53DA00E12DC0 /* Post.swift */; };
		37D1A25D2A2A542E00E12DC0 /* PostViewModel.swift in Sources */ = {isa = PBXBuildFile; fileRef = 37D1A25C2A2A542E00E12DC0 /* PostViewModel.swift */; };
		432BF5A22A28DF0D0017E29E /* SearchPage.swift in Sources */ = {isa = PBXBuildFile; fileRef = 432BF5A12A28DF0D0017E29E /* SearchPage.swift */; };
		432BF5A42A28DF2A0017E29E /* SearchBar.swift in Sources */ = {isa = PBXBuildFile; fileRef = 432BF5A32A28DF2A0017E29E /* SearchBar.swift */; };
		DC0E1F562A1E3E46004496A5 /* HomePage.swift in Sources */ = {isa = PBXBuildFile; fileRef = DC0E1F552A1E3E46004496A5 /* HomePage.swift */; };
		DC0E1F5D2A1E3EA5004496A5 /* Video5.mp4 in Resources */ = {isa = PBXBuildFile; fileRef = DC0E1F572A1E3EA5004496A5 /* Video5.mp4 */; };
		DC0E1F5E2A1E3EA5004496A5 /* Video6.mp4 in Resources */ = {isa = PBXBuildFile; fileRef = DC0E1F582A1E3EA5004496A5 /* Video6.mp4 */; };
		DC0E1F5F2A1E3EA5004496A5 /* Video3.mp4 in Resources */ = {isa = PBXBuildFile; fileRef = DC0E1F592A1E3EA5004496A5 /* Video3.mp4 */; };
		DC0E1F602A1E3EA5004496A5 /* Video2.mp4 in Resources */ = {isa = PBXBuildFile; fileRef = DC0E1F5A2A1E3EA5004496A5 /* Video2.mp4 */; };
		DC0E1F612A1E3EA5004496A5 /* Video1.mp4 in Resources */ = {isa = PBXBuildFile; fileRef = DC0E1F5B2A1E3EA5004496A5 /* Video1.mp4 */; };
		DC0E1F622A1E3EA5004496A5 /* Video4.mp4 in Resources */ = {isa = PBXBuildFile; fileRef = DC0E1F5C2A1E3EA5004496A5 /* Video4.mp4 */; };
		DC0E1F642A1E3F43004496A5 /* Sign in.swift in Sources */ = {isa = PBXBuildFile; fileRef = DC0E1F632A1E3F43004496A5 /* Sign in.swift */; };
		DC0E1F662A1E3FB9004496A5 /* Edit.swift in Sources */ = {isa = PBXBuildFile; fileRef = DC0E1F652A1E3FB9004496A5 /* Edit.swift */; };
		DC0E1F682A1E3FDA004496A5 /* ImagePicker.swift in Sources */ = {isa = PBXBuildFile; fileRef = DC0E1F672A1E3FDA004496A5 /* ImagePicker.swift */; };
/* End PBXBuildFile section */

/* Begin PBXFileReference section */
		37C094222A1DE6BE003A1AC7 /* LocalBrands.app */ = {isa = PBXFileReference; explicitFileType = wrapper.application; includeInIndex = 0; path = LocalBrands.app; sourceTree = BUILT_PRODUCTS_DIR; };
		37C094252A1DE6BE003A1AC7 /* LocalBrandsApp.swift */ = {isa = PBXFileReference; lastKnownFileType = sourcecode.swift; path = LocalBrandsApp.swift; sourceTree = "<group>"; };
		37C094272A1DE6BE003A1AC7 /* ContentView.swift */ = {isa = PBXFileReference; lastKnownFileType = sourcecode.swift; path = ContentView.swift; sourceTree = "<group>"; };
		37C094292A1DE6BF003A1AC7 /* Assets.xcassets */ = {isa = PBXFileReference; lastKnownFileType = folder.assetcatalog; path = Assets.xcassets; sourceTree = "<group>"; };
		37C0942C2A1DE6BF003A1AC7 /* Preview Assets.xcassets */ = {isa = PBXFileReference; lastKnownFileType = folder.assetcatalog; path = "Preview Assets.xcassets"; sourceTree = "<group>"; };
		37D1A2582A2A53DA00E12DC0 /* Post.swift */ = {isa = PBXFileReference; lastKnownFileType = sourcecode.swift; path = Post.swift; sourceTree = "<group>"; };
		37D1A25C2A2A542E00E12DC0 /* PostViewModel.swift */ = {isa = PBXFileReference; lastKnownFileType = sourcecode.swift; path = PostViewModel.swift; sourceTree = "<group>"; };
		432BF5A12A28DF0D0017E29E /* SearchPage.swift */ = {isa = PBXFileReference; lastKnownFileType = sourcecode.swift; path = SearchPage.swift; sourceTree = "<group>"; };
		432BF5A32A28DF2A0017E29E /* SearchBar.swift */ = {isa = PBXFileReference; lastKnownFileType = sourcecode.swift; path = SearchBar.swift; sourceTree = "<group>"; };
		DC0E1F552A1E3E46004496A5 /* HomePage.swift */ = {isa = PBXFileReference; lastKnownFileType = sourcecode.swift; path = HomePage.swift; sourceTree = "<group>"; };
		DC0E1F572A1E3EA5004496A5 /* Video5.mp4 */ = {isa = PBXFileReference; lastKnownFileType = file; path = Video5.mp4; sourceTree = "<group>"; };
		DC0E1F582A1E3EA5004496A5 /* Video6.mp4 */ = {isa = PBXFileReference; lastKnownFileType = file; path = Video6.mp4; sourceTree = "<group>"; };
		DC0E1F592A1E3EA5004496A5 /* Video3.mp4 */ = {isa = PBXFileReference; lastKnownFileType = file; path = Video3.mp4; sourceTree = "<group>"; };
		DC0E1F5A2A1E3EA5004496A5 /* Video2.mp4 */ = {isa = PBXFileReference; lastKnownFileType = file; path = Video2.mp4; sourceTree = "<group>"; };
		DC0E1F5B2A1E3EA5004496A5 /* Video1.mp4 */ = {isa = PBXFileReference; lastKnownFileType = file; path = Video1.mp4; sourceTree = "<group>"; };
		DC0E1F5C2A1E3EA5004496A5 /* Video4.mp4 */ = {isa = PBXFileReference; lastKnownFileType = file; path = Video4.mp4; sourceTree = "<group>"; };
		DC0E1F632A1E3F43004496A5 /* Sign in.swift */ = {isa = PBXFileReference; lastKnownFileType = sourcecode.swift; path = "Sign in.swift"; sourceTree = "<group>"; };
		DC0E1F652A1E3FB9004496A5 /* Edit.swift */ = {isa = PBXFileReference; lastKnownFileType = sourcecode.swift; path = Edit.swift; sourceTree = "<group>"; };
		DC0E1F672A1E3FDA004496A5 /* ImagePicker.swift */ = {isa = PBXFileReference; lastKnownFileType = sourcecode.swift; path = ImagePicker.swift; sourceTree = "<group>"; };
/* End PBXFileReference section */

/* Begin PBXFrameworksBuildPhase section */
		37C0941F2A1DE6BE003A1AC7 /* Frameworks */ = {
			isa = PBXFrameworksBuildPhase;
			buildActionMask = 2147483647;
			files = (
			);
			runOnlyForDeploymentPostprocessing = 0;
		};
/* End PBXFrameworksBuildPhase section */

/* Begin PBXGroup section */
		37C094192A1DE6BE003A1AC7 = {
			isa = PBXGroup;
			children = (
				DC0E1F5B2A1E3EA5004496A5 /* Video1.mp4 */,
				DC0E1F5A2A1E3EA5004496A5 /* Video2.mp4 */,
				DC0E1F592A1E3EA5004496A5 /* Video3.mp4 */,
				DC0E1F5C2A1E3EA5004496A5 /* Video4.mp4 */,
				DC0E1F572A1E3EA5004496A5 /* Video5.mp4 */,
				DC0E1F582A1E3EA5004496A5 /* Video6.mp4 */,
				37C094242A1DE6BE003A1AC7 /* LocalBrands */,
				37C094232A1DE6BE003A1AC7 /* Products */,
			);
			sourceTree = "<group>";
		};
		37C094232A1DE6BE003A1AC7 /* Products */ = {
			isa = PBXGroup;
			children = (
				37C094222A1DE6BE003A1AC7 /* LocalBrands.app */,
			);
			name = Products;
			sourceTree = "<group>";
		};
		37C094242A1DE6BE003A1AC7 /* LocalBrands */ = {
			isa = PBXGroup;
			children = (
				37D1A25B2A2A53F900E12DC0 /* ViewModel */,
				37D1A25A2A2A53E700E12DC0 /* View */,
				37D1A2572A2A53C600E12DC0 /* Model */,
				37C094292A1DE6BF003A1AC7 /* Assets.xcassets */,
				37C0942B2A1DE6BF003A1AC7 /* Preview Content */,
			);
			path = LocalBrands;
			sourceTree = "<group>";
		};
		37C0942B2A1DE6BF003A1AC7 /* Preview Content */ = {
			isa = PBXGroup;
			children = (
				37C0942C2A1DE6BF003A1AC7 /* Preview Assets.xcassets */,
			);
			path = "Preview Content";
			sourceTree = "<group>";
		};
		37D1A2572A2A53C600E12DC0 /* Model */ = {
			isa = PBXGroup;
			children = (
				37D1A2582A2A53DA00E12DC0 /* Post.swift */,
			);
			path = Model;
			sourceTree = "<group>";
		};
		37D1A25A2A2A53E700E12DC0 /* View */ = {
			isa = PBXGroup;
			children = (
				37C094272A1DE6BE003A1AC7 /* ContentView.swift */,
				DC0E1F552A1E3E46004496A5 /* HomePage.swift */,
				DC0E1F632A1E3F43004496A5 /* Sign in.swift */,
				DC0E1F652A1E3FB9004496A5 /* Edit.swift */,
				DC0E1F672A1E3FDA004496A5 /* ImagePicker.swift */,
				432BF5A12A28DF0D0017E29E /* SearchPage.swift */,
				432BF5A32A28DF2A0017E29E /* SearchBar.swift */,
				37C094252A1DE6BE003A1AC7 /* LocalBrandsApp.swift */,
			);
			path = View;
			sourceTree = "<group>";
		};
		37D1A25B2A2A53F900E12DC0 /* ViewModel */ = {
			isa = PBXGroup;
			children = (
				37D1A25C2A2A542E00E12DC0 /* PostViewModel.swift */,
			);
			path = ViewModel;
			sourceTree = "<group>";
		};
/* End PBXGroup section */

/* Begin PBXNativeTarget section */
		37C094212A1DE6BE003A1AC7 /* LocalBrands */ = {
			isa = PBXNativeTarget;
			buildConfigurationList = 37C094302A1DE6BF003A1AC7 /* Build configuration list for PBXNativeTarget "LocalBrands" */;
			buildPhases = (
				37C0941E2A1DE6BE003A1AC7 /* Sources */,
				37C0941F2A1DE6BE003A1AC7 /* Frameworks */,
				37C094202A1DE6BE003A1AC7 /* Resources */,
			);
			buildRules = (
			);
			dependencies = (
			);
			name = LocalBrands;
			productName = LocalBrands;
			productReference = 37C094222A1DE6BE003A1AC7 /* LocalBrands.app */;
			productType = "com.apple.product-type.application";
		};
/* End PBXNativeTarget section */

/* Begin PBXProject section */
		37C0941A2A1DE6BE003A1AC7 /* Project object */ = {
			isa = PBXProject;
			attributes = {
				BuildIndependentTargetsInParallel = 1;
				LastSwiftUpdateCheck = 1420;
				LastUpgradeCheck = 1420;
				TargetAttributes = {
					37C094212A1DE6BE003A1AC7 = {
						CreatedOnToolsVersion = 14.2;
					};
				};
			};
			buildConfigurationList = 37C0941D2A1DE6BE003A1AC7 /* Build configuration list for PBXProject "LocalBrands" */;
			compatibilityVersion = "Xcode 14.0";
			developmentRegion = en;
			hasScannedForEncodings = 0;
			knownRegions = (
				en,
				Base,
			);
			mainGroup = 37C094192A1DE6BE003A1AC7;
			productRefGroup = 37C094232A1DE6BE003A1AC7 /* Products */;
			projectDirPath = "";
			projectRoot = "";
			targets = (
				37C094212A1DE6BE003A1AC7 /* LocalBrands */,
			);
		};
/* End PBXProject section */

/* Begin PBXResourcesBuildPhase section */
		37C094202A1DE6BE003A1AC7 /* Resources */ = {
			isa = PBXResourcesBuildPhase;
			buildActionMask = 2147483647;
			files = (
				DC0E1F5D2A1E3EA5004496A5 /* Video5.mp4 in Resources */,
				DC0E1F5E2A1E3EA5004496A5 /* Video6.mp4 in Resources */,
				DC0E1F5F2A1E3EA5004496A5 /* Video3.mp4 in Resources */,
				DC0E1F602A1E3EA5004496A5 /* Video2.mp4 in Resources */,
				DC0E1F612A1E3EA5004496A5 /* Video1.mp4 in Resources */,
				DC0E1F622A1E3EA5004496A5 /* Video4.mp4 in Resources */,
				37C0942D2A1DE6BF003A1AC7 /* Preview Assets.xcassets in Resources */,
				37C0942A2A1DE6BF003A1AC7 /* Assets.xcassets in Resources */,
			);
			runOnlyForDeploymentPostprocessing = 0;
		};
/* End PBXResourcesBuildPhase section */

/* Begin PBXSourcesBuildPhase section */
		37C0941E2A1DE6BE003A1AC7 /* Sources */ = {
			isa = PBXSourcesBuildPhase;
			buildActionMask = 2147483647;
			files = (
				37D1A25D2A2A542E00E12DC0 /* PostViewModel.swift in Sources */,
				DC0E1F642A1E3F43004496A5 /* Sign in.swift in Sources */,
				37C094282A1DE6BE003A1AC7 /* ContentView.swift in Sources */,
				DC0E1F562A1E3E46004496A5 /* HomePage.swift in Sources */,
				DC0E1F682A1E3FDA004496A5 /* ImagePicker.swift in Sources */,
				DC0E1F662A1E3FB9004496A5 /* Edit.swift in Sources */,
				432BF5A42A28DF2A0017E29E /* SearchBar.swift in Sources */,
				37D1A2592A2A53DA00E12DC0 /* Post.swift in Sources */,
				432BF5A22A28DF0D0017E29E /* SearchPage.swift in Sources */,
				37C094262A1DE6BE003A1AC7 /* LocalBrandsApp.swift in Sources */,
			);
			runOnlyForDeploymentPostprocessing = 0;
		};
/* End PBXSourcesBuildPhase section */

/* Begin XCBuildConfiguration section */
		37C0942E2A1DE6BF003A1AC7 /* Debug */ = {
			isa = XCBuildConfiguration;
			buildSettings = {
				ALWAYS_SEARCH_USER_PATHS = NO;
				CLANG_ANALYZER_NONNULL = YES;
				CLANG_ANALYZER_NUMBER_OBJECT_CONVERSION = YES_AGGRESSIVE;
				CLANG_CXX_LANGUAGE_STANDARD = "gnu++20";
				CLANG_ENABLE_MODULES = YES;
				CLANG_ENABLE_OBJC_ARC = YES;
				CLANG_ENABLE_OBJC_WEAK = YES;
				CLANG_WARN_BLOCK_CAPTURE_AUTORELEASING = YES;
				CLANG_WARN_BOOL_CONVERSION = YES;
				CLANG_WARN_COMMA = YES;
				CLANG_WARN_CONSTANT_CONVERSION = YES;
				CLANG_WARN_DEPRECATED_OBJC_IMPLEMENTATIONS = YES;
				CLANG_WARN_DIRECT_OBJC_ISA_USAGE = YES_ERROR;
				CLANG_WARN_DOCUMENTATION_COMMENTS = YES;
				CLANG_WARN_EMPTY_BODY = YES;
				CLANG_WARN_ENUM_CONVERSION = YES;
				CLANG_WARN_INFINITE_RECURSION = YES;
				CLANG_WARN_INT_CONVERSION = YES;
				CLANG_WARN_NON_LITERAL_NULL_CONVERSION = YES;
				CLANG_WARN_OBJC_IMPLICIT_RETAIN_SELF = YES;
				CLANG_WARN_OBJC_LITERAL_CONVERSION = YES;
				CLANG_WARN_OBJC_ROOT_CLASS = YES_ERROR;
				CLANG_WARN_QUOTED_INCLUDE_IN_FRAMEWORK_HEADER = YES;
				CLANG_WARN_RANGE_LOOP_ANALYSIS = YES;
				CLANG_WARN_STRICT_PROTOTYPES = YES;
				CLANG_WARN_SUSPICIOUS_MOVE = YES;
				CLANG_WARN_UNGUARDED_AVAILABILITY = YES_AGGRESSIVE;
				CLANG_WARN_UNREACHABLE_CODE = YES;
				CLANG_WARN__DUPLICATE_METHOD_MATCH = YES;
				COPY_PHASE_STRIP = NO;
				DEBUG_INFORMATION_FORMAT = dwarf;
				ENABLE_STRICT_OBJC_MSGSEND = YES;
				ENABLE_TESTABILITY = YES;
				GCC_C_LANGUAGE_STANDARD = gnu11;
				GCC_DYNAMIC_NO_PIC = NO;
				GCC_NO_COMMON_BLOCKS = YES;
				GCC_OPTIMIZATION_LEVEL = 0;
				GCC_PREPROCESSOR_DEFINITIONS = (
					"DEBUG=1",
					"$(inherited)",
				);
				GCC_WARN_64_TO_32_BIT_CONVERSION = YES;
				GCC_WARN_ABOUT_RETURN_TYPE = YES_ERROR;
				GCC_WARN_UNDECLARED_SELECTOR = YES;
				GCC_WARN_UNINITIALIZED_AUTOS = YES_AGGRESSIVE;
				GCC_WARN_UNUSED_FUNCTION = YES;
				GCC_WARN_UNUSED_VARIABLE = YES;
				IPHONEOS_DEPLOYMENT_TARGET = 16.2;
				MTL_ENABLE_DEBUG_INFO = INCLUDE_SOURCE;
				MTL_FAST_MATH = YES;
				ONLY_ACTIVE_ARCH = YES;
				SDKROOT = iphoneos;
				SWIFT_ACTIVE_COMPILATION_CONDITIONS = DEBUG;
				SWIFT_OPTIMIZATION_LEVEL = "-Onone";
			};
			name = Debug;
		};
		37C0942F2A1DE6BF003A1AC7 /* Release */ = {
			isa = XCBuildConfiguration;
			buildSettings = {
				ALWAYS_SEARCH_USER_PATHS = NO;
				CLANG_ANALYZER_NONNULL = YES;
				CLANG_ANALYZER_NUMBER_OBJECT_CONVERSION = YES_AGGRESSIVE;
				CLANG_CXX_LANGUAGE_STANDARD = "gnu++20";
				CLANG_ENABLE_MODULES = YES;
				CLANG_ENABLE_OBJC_ARC = YES;
				CLANG_ENABLE_OBJC_WEAK = YES;
				CLANG_WARN_BLOCK_CAPTURE_AUTORELEASING = YES;
				CLANG_WARN_BOOL_CONVERSION = YES;
				CLANG_WARN_COMMA = YES;
				CLANG_WARN_CONSTANT_CONVERSION = YES;
				CLANG_WARN_DEPRECATED_OBJC_IMPLEMENTATIONS = YES;
				CLANG_WARN_DIRECT_OBJC_ISA_USAGE = YES_ERROR;
				CLANG_WARN_DOCUMENTATION_COMMENTS = YES;
				CLANG_WARN_EMPTY_BODY = YES;
				CLANG_WARN_ENUM_CONVERSION = YES;
				CLANG_WARN_INFINITE_RECURSION = YES;
				CLANG_WARN_INT_CONVERSION = YES;
				CLANG_WARN_NON_LITERAL_NULL_CONVERSION = YES;
				CLANG_WARN_OBJC_IMPLICIT_RETAIN_SELF = YES;
				CLANG_WARN_OBJC_LITERAL_CONVERSION = YES;
				CLANG_WARN_OBJC_ROOT_CLASS = YES_ERROR;
				CLANG_WARN_QUOTED_INCLUDE_IN_FRAMEWORK_HEADER = YES;
				CLANG_WARN_RANGE_LOOP_ANALYSIS = YES;
				CLANG_WARN_STRICT_PROTOTYPES = YES;
				CLANG_WARN_SUSPICIOUS_MOVE = YES;
				CLANG_WARN_UNGUARDED_AVAILABILITY = YES_AGGRESSIVE;
				CLANG_WARN_UNREACHABLE_CODE = YES;
				CLANG_WARN__DUPLICATE_METHOD_MATCH = YES;
				COPY_PHASE_STRIP = NO;
				DEBUG_INFORMATION_FORMAT = "dwarf-with-dsym";
				ENABLE_NS_ASSERTIONS = NO;
				ENABLE_STRICT_OBJC_MSGSEND = YES;
				GCC_C_LANGUAGE_STANDARD = gnu11;
				GCC_NO_COMMON_BLOCKS = YES;
				GCC_WARN_64_TO_32_BIT_CONVERSION = YES;
				GCC_WARN_ABOUT_RETURN_TYPE = YES_ERROR;
				GCC_WARN_UNDECLARED_SELECTOR = YES;
				GCC_WARN_UNINITIALIZED_AUTOS = YES_AGGRESSIVE;
				GCC_WARN_UNUSED_FUNCTION = YES;
				GCC_WARN_UNUSED_VARIABLE = YES;
				IPHONEOS_DEPLOYMENT_TARGET = 16.2;
				MTL_ENABLE_DEBUG_INFO = NO;
				MTL_FAST_MATH = YES;
				SDKROOT = iphoneos;
				SWIFT_COMPILATION_MODE = wholemodule;
				SWIFT_OPTIMIZATION_LEVEL = "-O";
				VALIDATE_PRODUCT = YES;
			};
			name = Release;
		};
		37C094312A1DE6BF003A1AC7 /* Debug */ = {
			isa = XCBuildConfiguration;
			buildSettings = {
				ASSETCATALOG_COMPILER_APPICON_NAME = AppIcon;
				ASSETCATALOG_COMPILER_GLOBAL_ACCENT_COLOR_NAME = AccentColor;
				CODE_SIGN_STYLE = Automatic;
				CURRENT_PROJECT_VERSION = 1;
				DEVELOPMENT_ASSET_PATHS = "\"LocalBrands/Preview Content\"";
				DEVELOPMENT_TEAM = 2LVB7G8J3S;
				ENABLE_PREVIEWS = YES;
				GENERATE_INFOPLIST_FILE = YES;
				INFOPLIST_KEY_UIApplicationSceneManifest_Generation = YES;
				INFOPLIST_KEY_UIApplicationSupportsIndirectInputEvents = YES;
				INFOPLIST_KEY_UILaunchScreen_Generation = YES;
				INFOPLIST_KEY_UISupportedInterfaceOrientations_iPad = "UIInterfaceOrientationPortrait UIInterfaceOrientationPortraitUpsideDown UIInterfaceOrientationLandscapeLeft UIInterfaceOrientationLandscapeRight";
				INFOPLIST_KEY_UISupportedInterfaceOrientations_iPhone = "UIInterfaceOrientationPortrait UIInterfaceOrientationLandscapeLeft UIInterfaceOrientationLandscapeRight";
				LD_RUNPATH_SEARCH_PATHS = (
					"$(inherited)",
					"@executable_path/Frameworks",
				);
				MARKETING_VERSION = 1.0;
				PRODUCT_BUNDLE_IDENTIFIER = apple.LocalBrands;
				PRODUCT_NAME = "$(TARGET_NAME)";
				SWIFT_EMIT_LOC_STRINGS = YES;
				SWIFT_VERSION = 5.0;
				TARGETED_DEVICE_FAMILY = "1,2";
			};
			name = Debug;
		};
		37C094322A1DE6BF003A1AC7 /* Release */ = {
			isa = XCBuildConfiguration;
			buildSettings = {
				ASSETCATALOG_COMPILER_APPICON_NAME = AppIcon;
				ASSETCATALOG_COMPILER_GLOBAL_ACCENT_COLOR_NAME = AccentColor;
				CODE_SIGN_STYLE = Automatic;
				CURRENT_PROJECT_VERSION = 1;
				DEVELOPMENT_ASSET_PATHS = "\"LocalBrands/Preview Content\"";
				DEVELOPMENT_TEAM = 2LVB7G8J3S;
				ENABLE_PREVIEWS = YES;
				GENERATE_INFOPLIST_FILE = YES;
				INFOPLIST_KEY_UIApplicationSceneManifest_Generation = YES;
				INFOPLIST_KEY_UIApplicationSupportsIndirectInputEvents = YES;
				INFOPLIST_KEY_UILaunchScreen_Generation = YES;
				INFOPLIST_KEY_UISupportedInterfaceOrientations_iPad = "UIInterfaceOrientationPortrait UIInterfaceOrientationPortraitUpsideDown UIInterfaceOrientationLandscapeLeft UIInterfaceOrientationLandscapeRight";
				INFOPLIST_KEY_UISupportedInterfaceOrientations_iPhone = "UIInterfaceOrientationPortrait UIInterfaceOrientationLandscapeLeft UIInterfaceOrientationLandscapeRight";
				LD_RUNPATH_SEARCH_PATHS = (
					"$(inherited)",
					"@executable_path/Frameworks",
				);
				MARKETING_VERSION = 1.0;
				PRODUCT_BUNDLE_IDENTIFIER = apple.LocalBrands;
				PRODUCT_NAME = "$(TARGET_NAME)";
				SWIFT_EMIT_LOC_STRINGS = YES;
				SWIFT_VERSION = 5.0;
				TARGETED_DEVICE_FAMILY = "1,2";
			};
			name = Release;
		};
/* End XCBuildConfiguration section */

/* Begin XCConfigurationList section */
		37C0941D2A1DE6BE003A1AC7 /* Build configuration list for PBXProject "LocalBrands" */ = {
			isa = XCConfigurationList;
			buildConfigurations = (
				37C0942E2A1DE6BF003A1AC7 /* Debug */,
				37C0942F2A1DE6BF003A1AC7 /* Release */,
			);
			defaultConfigurationIsVisible = 0;
			defaultConfigurationName = Release;
		};
		37C094302A1DE6BF003A1AC7 /* Build configuration list for PBXNativeTarget "LocalBrands" */ = {
			isa = XCConfigurationList;
			buildConfigurations = (
				37C094312A1DE6BF003A1AC7 /* Debug */,
				37C094322A1DE6BF003A1AC7 /* Release */,
			);
			defaultConfigurationIsVisible = 0;
			defaultConfigurationName = Release;
		};
/* End XCConfigurationList section */
	};
	rootObject = 37C0941A2A1DE6BE003A1AC7 /* Project object */;
}
